
Microsoft Visual Studio Solution File, Format Version 12.00
# Visual Studio Version 16
VisualStudioVersion = 16.0.30503.244
MinimumVisualStudioVersion = 10.0.40219.1
Project("{FAE04EC0-301F-11D3-BF4B-00C04F79EFBC}") = "Task_4", "func\Task_4.csproj", "{E88894C1-01DD-4B12-BDC6-4F700DC03CA3}"
EndProject
Global
	GlobalSection(SolutionConfigurationPlatforms) = preSolution
		Debug|Any CPU = Debug|Any CPU
		Release|Any CPU = Release|Any CPU
	EndGlobalSection
	GlobalSection(ProjectConfigurationPlatforms) = postSolution
		{E88894C1-01DD-4B12-BDC6-4F700DC03CA3}.Debug|Any CPU.ActiveCfg = Debug|Any CPU
		{E88894C1-01DD-4B12-BDC6-4F700DC03CA3}.Debug|Any CPU.Build.0 = Debug|Any CPU
		{E88894C1-01DD-4B12-BDC6-4F700DC03CA3}.Release|Any CPU.ActiveCfg = Release|Any CPU
		{E88894C1-01DD-4B12-BDC6-4F700DC03CA3}.Release|Any CPU.Build.0 = Release|Any CPU
	EndGlobalSection
	GlobalSection(SolutionProperties) = preSolution
		HideSolutionNode = FALSE
	EndGlobalSection
	GlobalSection(ExtensibilityGlobals) = postSolution
		SolutionGuid = {976588ED-1B74-4A69-8807-EFBC901D11F4}
	EndGlobalSection
EndGlobal
